
Microsoft Visual Studio Solution File, Format Version 12.00
# Visual Studio Version 16
VisualStudioVersion = 16.0.29613.14
MinimumVisualStudioVersion = 10.0.40219.1
Project("{FAE04EC0-301F-11D3-BF4B-00C04F79EFBC}") = "RFWCalculator", "RFWCalculator\RFWCalculator.csproj", "{A1FCCD88-7062-439B-9EC6-688DE91334C1}"
EndProject
Global
	GlobalSection(SolutionConfigurationPlatforms) = preSolution
		Debug|Any CPU = Debug|Any CPU
		Release|Any CPU = Release|Any CPU
	EndGlobalSection
	GlobalSection(ProjectConfigurationPlatforms) = postSolution
		{A1FCCD88-7062-439B-9EC6-688DE91334C1}.Debug|Any CPU.ActiveCfg = Debug|Any CPU
		{A1FCCD88-7062-439B-9EC6-688DE91334C1}.Debug|Any CPU.Build.0 = Debug|Any CPU
		{A1FCCD88-7062-439B-9EC6-688DE91334C1}.Release|Any CPU.ActiveCfg = Release|Any CPU
		{A1FCCD88-7062-439B-9EC6-688DE91334C1}.Release|Any CPU.Build.0 = Release|Any CPU
	EndGlobalSection
	GlobalSection(SolutionProperties) = preSolution
		HideSolutionNode = FALSE
	EndGlobalSection
	GlobalSection(ExtensibilityGlobals) = postSolution
		SolutionGuid = {B7F1EA37-33B7-4C16-88DB-5A9804D950EA}
	EndGlobalSection
EndGlobal
